
Microsoft Visual Studio Solution File, Format Version 12.00
# Visual Studio 2013
VisualStudioVersion = 12.0.30501.0
MinimumVisualStudioVersion = 10.0.40219.1
Project("{FAE04EC0-301F-11D3-BF4B-00C04F79EFBC}") = "KlantenWebApplication", "KlantenWebApplication\KlantenWebApplication.csproj", "{566559AA-39A5-42E3-9AC8-CAD7B8365EA8}"
EndProject
Project("{FAE04EC0-301F-11D3-BF4B-00C04F79EFBC}") = "KlantenWebApplication.Tests", "KlantenWebApplication.Tests\KlantenWebApplication.Tests.csproj", "{CE141D0A-42FD-42CB-B5D1-813F293680D3}"
EndProject
Global
	GlobalSection(SolutionConfigurationPlatforms) = preSolution
		Debug|Any CPU = Debug|Any CPU
		Release|Any CPU = Release|Any CPU
	EndGlobalSection
	GlobalSection(ProjectConfigurationPlatforms) = postSolution
		{566559AA-39A5-42E3-9AC8-CAD7B8365EA8}.Debug|Any CPU.ActiveCfg = Debug|Any CPU
		{566559AA-39A5-42E3-9AC8-CAD7B8365EA8}.Debug|Any CPU.Build.0 = Debug|Any CPU
		{566559AA-39A5-42E3-9AC8-CAD7B8365EA8}.Release|Any CPU.ActiveCfg = Release|Any CPU
		{566559AA-39A5-42E3-9AC8-CAD7B8365EA8}.Release|Any CPU.Build.0 = Release|Any CPU
		{CE141D0A-42FD-42CB-B5D1-813F293680D3}.Debug|Any CPU.ActiveCfg = Debug|Any CPU
		{CE141D0A-42FD-42CB-B5D1-813F293680D3}.Debug|Any CPU.Build.0 = Debug|Any CPU
		{CE141D0A-42FD-42CB-B5D1-813F293680D3}.Release|Any CPU.ActiveCfg = Release|Any CPU
		{CE141D0A-42FD-42CB-B5D1-813F293680D3}.Release|Any CPU.Build.0 = Release|Any CPU
	EndGlobalSection
	GlobalSection(SolutionProperties) = preSolution
		HideSolutionNode = FALSE
	EndGlobalSection
EndGlobal
